
Microsoft Visual Studio Solution File, Format Version 12.00
# Visual Studio 15
VisualStudioVersion = 15.0.27004.2002
MinimumVisualStudioVersion = 10.0.40219.1
Project("{FAE04EC0-301F-11D3-BF4B-00C04F79EFBC}") = "Sispar.Core", "Sispar.Core\Sispar.Core.csproj", "{1669A111-8FE3-4917-89A7-16E7CE167B31}"
EndProject
Project("{FAE04EC0-301F-11D3-BF4B-00C04F79EFBC}") = "Sispar.UI.WebApp", "Sispar.UI.WebApp\Sispar.UI.WebApp.csproj", "{6A11E2C0-5A4F-45D6-B7C0-9C2F29F4DE18}"
EndProject
Project("{FAE04EC0-301F-11D3-BF4B-00C04F79EFBC}") = "BusinessRule", "BusinessRule\BusinessRule.csproj", "{876B3A3C-DD25-45EC-A1AA-563801992C21}"
EndProject
Global
	GlobalSection(SolutionConfigurationPlatforms) = preSolution
		Debug|Any CPU = Debug|Any CPU
		Release|Any CPU = Release|Any CPU
	EndGlobalSection
	GlobalSection(ProjectConfigurationPlatforms) = postSolution
		{1669A111-8FE3-4917-89A7-16E7CE167B31}.Debug|Any CPU.ActiveCfg = Debug|Any CPU
		{1669A111-8FE3-4917-89A7-16E7CE167B31}.Debug|Any CPU.Build.0 = Debug|Any CPU
		{1669A111-8FE3-4917-89A7-16E7CE167B31}.Release|Any CPU.ActiveCfg = Release|Any CPU
		{1669A111-8FE3-4917-89A7-16E7CE167B31}.Release|Any CPU.Build.0 = Release|Any CPU
		{6A11E2C0-5A4F-45D6-B7C0-9C2F29F4DE18}.Debug|Any CPU.ActiveCfg = Debug|Any CPU
		{6A11E2C0-5A4F-45D6-B7C0-9C2F29F4DE18}.Debug|Any CPU.Build.0 = Debug|Any CPU
		{6A11E2C0-5A4F-45D6-B7C0-9C2F29F4DE18}.Release|Any CPU.ActiveCfg = Release|Any CPU
		{6A11E2C0-5A4F-45D6-B7C0-9C2F29F4DE18}.Release|Any CPU.Build.0 = Release|Any CPU
		{876B3A3C-DD25-45EC-A1AA-563801992C21}.Debug|Any CPU.ActiveCfg = Debug|Any CPU
		{876B3A3C-DD25-45EC-A1AA-563801992C21}.Debug|Any CPU.Build.0 = Debug|Any CPU
		{876B3A3C-DD25-45EC-A1AA-563801992C21}.Release|Any CPU.ActiveCfg = Release|Any CPU
		{876B3A3C-DD25-45EC-A1AA-563801992C21}.Release|Any CPU.Build.0 = Release|Any CPU
	EndGlobalSection
	GlobalSection(SolutionProperties) = preSolution
		HideSolutionNode = FALSE
	EndGlobalSection
	GlobalSection(ExtensibilityGlobals) = postSolution
		SolutionGuid = {591CBC16-F7A3-44B0-AB0E-2D3E4CB2D259}
	EndGlobalSection
EndGlobal
